github.com/gorilla/securecookie v1.1.1 h1:miw7JPhV+b/lAHSXz4qd/nN9jRiAFV5FwjeKyCS8BvQ=
github.com/gorilla/securecookie v1.1.1/go.mod h1:ra0sb63/xPlUeL+yeDciTfxMRAA+MP+HVt/4epWDjd4=
github.com/logrusorgru/aurora v0.0.0-20191017060258-dc85c304c434 h1:im9kkmH0WWwxzegiv18gSUJbuXR9y028rXrWuPp6Jug=
github.com/logrusorgru/aurora v0.0.0-20191017060258-dc85c304c434/go.mod h1:7rIyQOR62GCctdiQpZ/zOJlFyk6y+94wXzv6RNZgaR4=
